<?xml version="1.0" encoding="utf-8"?>
<Project ToolsVersion="4.0" xmlns="http://schemas.microsoft.com/developer/msbuild/2003">
  <ItemGroup>
    <Filter Include="Файлы исходного кода">
      <UniqueIdentifier>{4FC737F1-C7A5-4376-A066-2A32D752A2FF}</UniqueIdentifier>
      <Extensions>cpp;c;cc;cxx;def;odl;idl;hpj;bat;asm;asmx</Extensions>
    </Filter>
    <Filter Include="Заголовочные файлы">
      <UniqueIdentifier>{93995380-89BD-4b04-88EB-625FBE52EBFB}</UniqueIdentifier>
      <Extensions>h;hh;hpp;hxx;hm;inl;inc;xsd</Extensions>
    </Filter>
    <Filter Include="Файлы ресурсов">
      <UniqueIdentifier>{67DA6AB6-F800-4c08-8B7A-83BB121AAD01}</UniqueIdentifier>
      <Extensions>rc;ico;cur;bmp;dlg;rc2;rct;bin;rgs;gif;jpg;jpeg;jpe;resx;tiff;tif;png;wav;mfcribbon-ms</Extensions>
    </Filter>
    <Filter Include="GUI">
      <UniqueIdentifier>{0ee9401b-995b-4a50-8103-4c698db936b1}</UniqueIdentifier>
    </Filter>
  </ItemGroup>
  <ItemGroup>
    <ClInclude Include="MyRender.h">
      <Filter>Заголовочные файлы</Filter>
    </ClInclude>
    <ClInclude Include="MyInput.h">
      <Filter>Заголовочные файлы</Filter>
    </ClInclude>
    <ClInclude Include="Fps.h">
      <Filter>Заголовочные файлы</Filter>
    </ClInclude>
    <ClInclude Include="Timer.h">
      <Filter>Заголовочные файлы</Filter>
    </ClInclude>
    <ClInclude Include="Camera.h">
      <Filter>Заголовочные файлы</Filter>
    </ClInclude>
    <ClInclude Include="ModelList.h">
      <Filter>Заголовочные файлы</Filter>
    </ClInclude>
    <ClInclude Include="Frustum.h">
      <Filter>Заголовочные файлы</Filter>
    </ClInclude>
    <ClInclude Include="NetworkClass.h">
      <Filter>Заголовочные файлы</Filter>
    </ClInclude>
    <ClInclude Include="NetworkMessage.h">
      <Filter>Заголовочные файлы</Filter>
    </ClInclude>
    <ClInclude Include="BaseControl.h">
      <Filter>GUI</Filter>
    </ClInclude>
    <ClInclude Include="Dialog.h">
      <Filter>GUI</Filter>
    </ClInclude>
    <ClInclude Include="Misc.h">
      <Filter>GUI</Filter>
    </ClInclude>
    <ClInclude Include="Element.h">
      <Filter>GUI</Filter>
    </ClInclude>
    <ClInclude Include="DialogResourceManager.h">
      <Filter>GUI</Filter>
    </ClInclude>
    <ClInclude Include="Static.h">
      <Filter>GUI</Filter>
    </ClInclude>
    <ClInclude Include="DXUTres.h">
      <Filter>GUI</Filter>
    </ClInclude>
    <ClInclude Include="Button.h">
      <Filter>GUI</Filter>
    </ClInclude>
  </ItemGroup>
  <ItemGroup>
    <ClCompile Include="MyRender.cpp">
      <Filter>Файлы исходного кода</Filter>
    </ClCompile>
    <ClCompile Include="main.cpp">
      <Filter>Файлы исходного кода</Filter>
    </ClCompile>
    <ClCompile Include="MyInput.cpp">
      <Filter>Файлы исходного кода</Filter>
    </ClCompile>
    <ClCompile Include="Fps.cpp">
      <Filter>Файлы исходного кода</Filter>
    </ClCompile>
    <ClCompile Include="Timer.cpp">
      <Filter>Файлы исходного кода</Filter>
    </ClCompile>
    <ClCompile Include="Camera.cpp">
      <Filter>Файлы исходного кода</Filter>
    </ClCompile>
    <ClCompile Include="ModelList.cpp">
      <Filter>Файлы исходного кода</Filter>
    </ClCompile>
    <ClCompile Include="Frustum.cpp">
      <Filter>Файлы исходного кода</Filter>
    </ClCompile>
    <ClCompile Include="NetworkClass.cpp">
      <Filter>Файлы исходного кода</Filter>
    </ClCompile>
    <ClCompile Include="BaseControl.cpp">
      <Filter>GUI</Filter>
    </ClCompile>
    <ClCompile Include="Dialog.cpp">
      <Filter>GUI</Filter>
    </ClCompile>
    <ClCompile Include="Misc.cpp">
      <Filter>GUI</Filter>
    </ClCompile>
    <ClCompile Include="Element.cpp">
      <Filter>GUI</Filter>
    </ClCompile>
    <ClCompile Include="Static.cpp">
      <Filter>GUI</Filter>
    </ClCompile>
    <ClCompile Include="DialogResourceManager.cpp">
      <Filter>GUI</Filter>
    </ClCompile>
    <ClCompile Include="DXUTres.cpp">
      <Filter>GUI</Filter>
    </ClCompile>
    <ClCompile Include="Button.cpp">
      <Filter>GUI</Filter>
    </ClCompile>
  </ItemGroup>
  <ItemGroup>
    <None Include="image.vs">
      <Filter>Файлы ресурсов</Filter>
    </None>
    <None Include="image.ps">
      <Filter>Файлы ресурсов</Filter>
    </None>
    <None Include="BitmapFont.vs">
      <Filter>Файлы ресурсов</Filter>
    </None>
    <None Include="BitmapFont.ps">
      <Filter>Файлы ресурсов</Filter>
    </None>
  </ItemGroup>
</Project>